
Microsoft Visual Studio Solution File, Format Version 12.00
# Visual Studio Version 17
VisualStudioVersion = 17.11.35312.102
MinimumVisualStudioVersion = 10.0.40219.1
Project("{FAE04EC0-301F-11D3-BF4B-00C04F79EFBC}") = "Testing", "Testing\Testing.csproj", "{4901E768-A3EA-4A63-B385-3D40EC8BAF1D}"
EndProject
Global
	GlobalSection(SolutionConfigurationPlatforms) = preSolution
		Debug|Any CPU = Debug|Any CPU
		Release|Any CPU = Release|Any CPU
	EndGlobalSection
	GlobalSection(ProjectConfigurationPlatforms) = postSolution
		{4901E768-A3EA-4A63-B385-3D40EC8BAF1D}.Debug|Any CPU.ActiveCfg = Debug|Any CPU
		{4901E768-A3EA-4A63-B385-3D40EC8BAF1D}.Debug|Any CPU.Build.0 = Debug|Any CPU
		{4901E768-A3EA-4A63-B385-3D40EC8BAF1D}.Release|Any CPU.ActiveCfg = Release|Any CPU
		{4901E768-A3EA-4A63-B385-3D40EC8BAF1D}.Release|Any CPU.Build.0 = Release|Any CPU
	EndGlobalSection
	GlobalSection(SolutionProperties) = preSolution
		HideSolutionNode = FALSE
	EndGlobalSection
	GlobalSection(ExtensibilityGlobals) = postSolution
		SolutionGuid = {9F247386-CC03-424B-AD1E-9240006C4F57}
	EndGlobalSection
EndGlobal
